{
  "name": "authelia",
  "lockfileVersion": 2,
  "requires": true,
  "packages": {
    "": {
      "dependencies": {
        "pnpm": "^7.13.6"
      }
    },
    "node_modules/pnpm": {
      "version": "7.13.6",
      "resolved": "https://registry.npmjs.org/pnpm/-/pnpm-7.13.6.tgz",
      "integrity": "sha512-KIGf//0cojjX3cUL63gvAk8d5t9tg+5h6AxLGyxQwoCPtpsjXafm/auIJyDUUh9RVmcPusJxdiONkgxPnbW1YA==",
      "bin": {
        "pnpm": "bin/pnpm.cjs",
        "pnpx": "bin/pnpx.cjs"
      },
      "engines": {
        "node": ">=14.6"
      },
      "funding": {
        "url": "https://opencollective.com/pnpm"
      }
    }
  },
  "dependencies": {
    "pnpm": {
      "version": "7.13.6",
      "resolved": "https://registry.npmjs.org/pnpm/-/pnpm-7.13.6.tgz",
      "integrity": "sha512-KIGf//0cojjX3cUL63gvAk8d5t9tg+5h6AxLGyxQwoCPtpsjXafm/auIJyDUUh9RVmcPusJxdiONkgxPnbW1YA=="
    }
  }
}
